
Microsoft Visual Studio Solution File, Format Version 12.00
# Visual Studio Version 17
VisualStudioVersion = 17.11.35222.181
MinimumVisualStudioVersion = 10.0.40219.1
Project("{FAE04EC0-301F-11D3-BF4B-00C04F79EFBC}") = "KaramovRI", "KaramovRI\KaramovRI.csproj", "{E43334BB-6EAA-48FF-ADE9-3724A5726536}"
EndProject
Global
	GlobalSection(SolutionConfigurationPlatforms) = preSolution
		Debug|Any CPU = Debug|Any CPU
		Release|Any CPU = Release|Any CPU
	EndGlobalSection
	GlobalSection(ProjectConfigurationPlatforms) = postSolution
		{E43334BB-6EAA-48FF-ADE9-3724A5726536}.Debug|Any CPU.ActiveCfg = Debug|Any CPU
		{E43334BB-6EAA-48FF-ADE9-3724A5726536}.Debug|Any CPU.Build.0 = Debug|Any CPU
		{E43334BB-6EAA-48FF-ADE9-3724A5726536}.Release|Any CPU.ActiveCfg = Release|Any CPU
		{E43334BB-6EAA-48FF-ADE9-3724A5726536}.Release|Any CPU.Build.0 = Release|Any CPU
	EndGlobalSection
	GlobalSection(SolutionProperties) = preSolution
		HideSolutionNode = FALSE
	EndGlobalSection
	GlobalSection(ExtensibilityGlobals) = postSolution
		SolutionGuid = {80B06A7B-D57B-48D3-84F2-FE1EBF5E884A}
	EndGlobalSection
EndGlobal
